// !$*UTF8*$!
{
	archiveVersion = 1;
	classes = {
	};
	objectVersion = 46;
	objects = {

/* Begin PBXBuildFile section */
		7835BF0E1CAF9D3A007AD4E1 /* main.m in Sources */ = {isa = PBXBuildFile; fileRef = 7835BF0D1CAF9D3A007AD4E1 /* main.m */; };
		7835BF111CAF9D3A007AD4E1 /* AppDelegate.m in Sources */ = {isa = PBXBuildFile; fileRef = 7835BF101CAF9D3A007AD4E1 /* AppDelegate.m */; };
		7835BF141CAF9D3A007AD4E1 /* ViewController.m in Sources */ = {isa = PBXBuildFile; fileRef = 7835BF131CAF9D3A007AD4E1 /* ViewController.m */; };
		7835BF171CAF9D3A007AD4E1 /* Main.storyboard in Resources */ = {isa = PBXBuildFile; fileRef = 7835BF151CAF9D3A007AD4E1 /* Main.storyboard */; };
		7835BF191CAF9D3A007AD4E1 /* Assets.xcassets in Resources */ = {isa = PBXBuildFile; fileRef = 7835BF181CAF9D3A007AD4E1 /* Assets.xcassets */; };
		7835BF1C1CAF9D3A007AD4E1 /* LaunchScreen.storyboard in Resources */ = {isa = PBXBuildFile; fileRef = 7835BF1A1CAF9D3A007AD4E1 /* LaunchScreen.storyboard */; };
		7835BF271CAF9D3A007AD4E1 /* TestContactsListTests.m in Sources */ = {isa = PBXBuildFile; fileRef = 7835BF261CAF9D3A007AD4E1 /* TestContactsListTests.m */; };
		7835BF321CAF9D3A007AD4E1 /* TestContactsListUITests.m in Sources */ = {isa = PBXBuildFile; fileRef = 7835BF311CAF9D3A007AD4E1 /* TestContactsListUITests.m */; };
		7835BF441CAFABB3007AD4E1 /* UserTableViewCell.m in Sources */ = {isa = PBXBuildFile; fileRef = 7835BF431CAFABB3007AD4E1 /* UserTableViewCell.m */; };
		78D2B8011CB2179B00FB034E /* HeaderView.m in Sources */ = {isa = PBXBuildFile; fileRef = 78D2B8001CB2179B00FB034E /* HeaderView.m */; };
/* End PBXBuildFile section */

/* Begin PBXContainerItemProxy section */
		7835BF231CAF9D3A007AD4E1 /* PBXContainerItemProxy */ = {
			isa = PBXContainerItemProxy;
			containerPortal = 7835BF011CAF9D3A007AD4E1 /* Project object */;
			proxyType = 1;
			remoteGlobalIDString = 7835BF081CAF9D3A007AD4E1;
			remoteInfo = TestContactsList;
		};
		7835BF2E1CAF9D3A007AD4E1 /* PBXContainerItemProxy */ = {
			isa = PBXContainerItemProxy;
			containerPortal = 7835BF011CAF9D3A007AD4E1 /* Project object */;
			proxyType = 1;
			remoteGlobalIDString = 7835BF081CAF9D3A007AD4E1;
			remoteInfo = TestContactsList;
		};
/* End PBXContainerItemProxy section */

/* Begin PBXFileReference section */
		7835BF091CAF9D3A007AD4E1 /* TestContactsList.app */ = {isa = PBXFileReference; explicitFileType = wrapper.application; includeInIndex = 0; path = TestContactsList.app; sourceTree = BUILT_PRODUCTS_DIR; };
		7835BF0D1CAF9D3A007AD4E1 /* main.m */ = {isa = PBXFileReference; lastKnownFileType = sourcecode.c.objc; path = main.m; sourceTree = "<group>"; };
		7835BF0F1CAF9D3A007AD4E1 /* AppDelegate.h */ = {isa = PBXFileReference; lastKnownFileType = sourcecode.c.h; path = AppDelegate.h; sourceTree = "<group>"; };
		7835BF101CAF9D3A007AD4E1 /* AppDelegate.m */ = {isa = PBXFileReference; lastKnownFileType = sourcecode.c.objc; path = AppDelegate.m; sourceTree = "<group>"; };
		7835BF121CAF9D3A007AD4E1 /* ViewController.h */ = {isa = PBXFileReference; lastKnownFileType = sourcecode.c.h; path = ViewController.h; sourceTree = "<group>"; };
		7835BF131CAF9D3A007AD4E1 /* ViewController.m */ = {isa = PBXFileReference; lastKnownFileType = sourcecode.c.objc; path = ViewController.m; sourceTree = "<group>"; };
		7835BF161CAF9D3A007AD4E1 /* Base */ = {isa = PBXFileReference; lastKnownFileType = file.storyboard; name = Base; path = Base.lproj/Main.storyboard; sourceTree = "<group>"; };
		7835BF181CAF9D3A007AD4E1 /* Assets.xcassets */ = {isa = PBXFileReference; lastKnownFileType = folder.assetcatalog; path = Assets.xcassets; sourceTree = "<group>"; };
		7835BF1B1CAF9D3A007AD4E1 /* Base */ = {isa = PBXFileReference; lastKnownFileType = file.storyboard; name = Base; path = Base.lproj/LaunchScreen.storyboard; sourceTree = "<group>"; };
		7835BF1D1CAF9D3A007AD4E1 /* Info.plist */ = {isa = PBXFileReference; lastKnownFileType = text.plist.xml; path = Info.plist; sourceTree = "<group>"; };
		7835BF221CAF9D3A007AD4E1 /* TestContactsListTests.xctest */ = {isa = PBXFileReference; explicitFileType = wrapper.cfbundle; includeInIndex = 0; path = TestContactsListTests.xctest; sourceTree = BUILT_PRODUCTS_DIR; };
		7835BF261CAF9D3A007AD4E1 /* TestContactsListTests.m */ = {isa = PBXFileReference; lastKnownFileType = sourcecode.c.objc; path = TestContactsListTests.m; sourceTree = "<group>"; };
		7835BF281CAF9D3A007AD4E1 /* Info.plist */ = {isa = PBXFileReference; lastKnownFileType = text.plist.xml; path = Info.plist; sourceTree = "<group>"; };
		7835BF2D1CAF9D3A007AD4E1 /* TestContactsListUITests.xctest */ = {isa = PBXFileReference; explicitFileType = wrapper.cfbundle; includeInIndex = 0; path = TestContactsListUITests.xctest; sourceTree = BUILT_PRODUCTS_DIR; };
		7835BF311CAF9D3A007AD4E1 /* TestContactsListUITests.m */ = {isa = PBXFileReference; lastKnownFileType = sourcecode.c.objc; path = TestContactsListUITests.m; sourceTree = "<group>"; };
		7835BF331CAF9D3A007AD4E1 /* Info.plist */ = {isa = PBXFileReference; lastKnownFileType = text.plist.xml; path = Info.plist; sourceTree = "<group>"; };
		7835BF421CAFABB3007AD4E1 /* UserTableViewCell.h */ = {isa = PBXFileReference; fileEncoding = 4; lastKnownFileType = sourcecode.c.h; path = UserTableViewCell.h; sourceTree = "<group>"; };
		7835BF431CAFABB3007AD4E1 /* UserTableViewCell.m */ = {isa = PBXFileReference; fileEncoding = 4; lastKnownFileType = sourcecode.c.objc; path = UserTableViewCell.m; sourceTree = "<group>"; };
		78D2B7FF1CB2179B00FB034E /* HeaderView.h */ = {isa = PBXFileReference; fileEncoding = 4; lastKnownFileType = sourcecode.c.h; path = HeaderView.h; sourceTree = "<group>"; };
		78D2B8001CB2179B00FB034E /* HeaderView.m */ = {isa = PBXFileReference; fileEncoding = 4; lastKnownFileType = sourcecode.c.objc; path = HeaderView.m; sourceTree = "<group>"; };
/* End PBXFileReference section */

/* Begin PBXFrameworksBuildPhase section */
		7835BF061CAF9D3A007AD4E1 /* Frameworks */ = {
			isa = PBXFrameworksBuildPhase;
			buildActionMask = 2147483647;
			files = (
			);
			runOnlyForDeploymentPostprocessing = 0;
		};
		7835BF1F1CAF9D3A007AD4E1 /* Frameworks */ = {
			isa = PBXFrameworksBuildPhase;
			buildActionMask = 2147483647;
			files = (
			);
			runOnlyForDeploymentPostprocessing = 0;
		};
		7835BF2A1CAF9D3A007AD4E1 /* Frameworks */ = {
			isa = PBXFrameworksBuildPhase;
			buildActionMask = 2147483647;
			files = (
			);
			runOnlyForDeploymentPostprocessing = 0;
		};
/* End PBXFrameworksBuildPhase section */

/* Begin PBXGroup section */
		7835BF001CAF9D3A007AD4E1 = {
			isa = PBXGroup;
			children = (
				7835BF0B1CAF9D3A007AD4E1 /* TestContactsList */,
				7835BF251CAF9D3A007AD4E1 /* TestContactsListTests */,
				7835BF301CAF9D3A007AD4E1 /* TestContactsListUITests */,
				7835BF0A1CAF9D3A007AD4E1 /* Products */,
			);
			sourceTree = "<group>";
		};
		7835BF0A1CAF9D3A007AD4E1 /* Products */ = {
			isa = PBXGroup;
			children = (
				7835BF091CAF9D3A007AD4E1 /* TestContactsList.app */,
				7835BF221CAF9D3A007AD4E1 /* TestContactsListTests.xctest */,
				7835BF2D1CAF9D3A007AD4E1 /* TestContactsListUITests.xctest */,
			);
			name = Products;
			sourceTree = "<group>";
		};
		7835BF0B1CAF9D3A007AD4E1 /* TestContactsList */ = {
			isa = PBXGroup;
			children = (
				7835BF0F1CAF9D3A007AD4E1 /* AppDelegate.h */,
				7835BF101CAF9D3A007AD4E1 /* AppDelegate.m */,
				7835BF121CAF9D3A007AD4E1 /* ViewController.h */,
				7835BF131CAF9D3A007AD4E1 /* ViewController.m */,
				78D2B7FF1CB2179B00FB034E /* HeaderView.h */,
				78D2B8001CB2179B00FB034E /* HeaderView.m */,
				7835BF421CAFABB3007AD4E1 /* UserTableViewCell.h */,
				7835BF431CAFABB3007AD4E1 /* UserTableViewCell.m */,
				7835BF151CAF9D3A007AD4E1 /* Main.storyboard */,
				7835BF181CAF9D3A007AD4E1 /* Assets.xcassets */,
				7835BF1A1CAF9D3A007AD4E1 /* LaunchScreen.storyboard */,
				7835BF1D1CAF9D3A007AD4E1 /* Info.plist */,
				7835BF0C1CAF9D3A007AD4E1 /* Supporting Files */,
			);
			path = TestContactsList;
			sourceTree = "<group>";
		};
		7835BF0C1CAF9D3A007AD4E1 /* Supporting Files */ = {
			isa = PBXGroup;
			children = (
				7835BF0D1CAF9D3A007AD4E1 /* main.m */,
			);
			name = "Supporting Files";
			sourceTree = "<group>";
		};
		7835BF251CAF9D3A007AD4E1 /* TestContactsListTests */ = {
			isa = PBXGroup;
			children = (
				7835BF261CAF9D3A007AD4E1 /* TestContactsListTests.m */,
				7835BF281CAF9D3A007AD4E1 /* Info.plist */,
			);
			path = TestContactsListTests;
			sourceTree = "<group>";
		};
		7835BF301CAF9D3A007AD4E1 /* TestContactsListUITests */ = {
			isa = PBXGroup;
			children = (
				7835BF311CAF9D3A007AD4E1 /* TestContactsListUITests.m */,
				7835BF331CAF9D3A007AD4E1 /* Info.plist */,
			);
			path = TestContactsListUITests;
			sourceTree = "<group>";
		};
/* End PBXGroup section */

/* Begin PBXNativeTarget section */
		7835BF081CAF9D3A007AD4E1 /* TestContactsList */ = {
			isa = PBXNativeTarget;
			buildConfigurationList = 7835BF361CAF9D3A007AD4E1 /* Build configuration list for PBXNativeTarget "TestContactsList" */;
			buildPhases = (
				7835BF051CAF9D3A007AD4E1 /* Sources */,
				7835BF061CAF9D3A007AD4E1 /* Frameworks */,
				7835BF071CAF9D3A007AD4E1 /* Resources */,
			);
			buildRules = (
			);
			dependencies = (
			);
			name = TestContactsList;
			productName = TestContactsList;
			productReference = 7835BF091CAF9D3A007AD4E1 /* TestContactsList.app */;
			productType = "com.apple.product-type.application";
		};
		7835BF211CAF9D3A007AD4E1 /* TestContactsListTests */ = {
			isa = PBXNativeTarget;
			buildConfigurationList = 7835BF391CAF9D3A007AD4E1 /* Build configuration list for PBXNativeTarget "TestContactsListTests" */;
			buildPhases = (
				7835BF1E1CAF9D3A007AD4E1 /* Sources */,
				7835BF1F1CAF9D3A007AD4E1 /* Frameworks */,
				7835BF201CAF9D3A007AD4E1 /* Resources */,
			);
			buildRules = (
			);
			dependencies = (
				7835BF241CAF9D3A007AD4E1 /* PBXTargetDependency */,
			);
			name = TestContactsListTests;
			productName = TestContactsListTests;
			productReference = 7835BF221CAF9D3A007AD4E1 /* TestContactsListTests.xctest */;
			productType = "com.apple.product-type.bundle.unit-test";
		};
		7835BF2C1CAF9D3A007AD4E1 /* TestContactsListUITests */ = {
			isa = PBXNativeTarget;
			buildConfigurationList = 7835BF3C1CAF9D3A007AD4E1 /* Build configuration list for PBXNativeTarget "TestContactsListUITests" */;
			buildPhases = (
				7835BF291CAF9D3A007AD4E1 /* Sources */,
				7835BF2A1CAF9D3A007AD4E1 /* Frameworks */,
				7835BF2B1CAF9D3A007AD4E1 /* Resources */,
			);
			buildRules = (
			);
			dependencies = (
				7835BF2F1CAF9D3A007AD4E1 /* PBXTargetDependency */,
			);
			name = TestContactsListUITests;
			productName = TestContactsListUITests;
			productReference = 7835BF2D1CAF9D3A007AD4E1 /* TestContactsListUITests.xctest */;
			productType = "com.apple.product-type.bundle.ui-testing";
		};
/* End PBXNativeTarget section */

/* Begin PBXProject section */
		7835BF011CAF9D3A007AD4E1 /* Project object */ = {
			isa = PBXProject;
			attributes = {
				LastUpgradeCheck = 0720;
				ORGANIZATIONNAME = JixinZhang;
				TargetAttributes = {
					7835BF081CAF9D3A007AD4E1 = {
						CreatedOnToolsVersion = 7.2.1;
						DevelopmentTeam = C9S2BZUJTW;
					};
					7835BF211CAF9D3A007AD4E1 = {
						CreatedOnToolsVersion = 7.2.1;
						TestTargetID = 7835BF081CAF9D3A007AD4E1;
					};
					7835BF2C1CAF9D3A007AD4E1 = {
						CreatedOnToolsVersion = 7.2.1;
						TestTargetID = 7835BF081CAF9D3A007AD4E1;
					};
				};
			};
			buildConfigurationList = 7835BF041CAF9D3A007AD4E1 /* Build configuration list for PBXProject "TestContactsList" */;
			compatibilityVersion = "Xcode 3.2";
			developmentRegion = English;
			hasScannedForEncodings = 0;
			knownRegions = (
				en,
				Base,
			);
			mainGroup = 7835BF001CAF9D3A007AD4E1;
			productRefGroup = 7835BF0A1CAF9D3A007AD4E1 /* Products */;
			projectDirPath = "";
			projectRoot = "";
			targets = (
				7835BF081CAF9D3A007AD4E1 /* TestContactsList */,
				7835BF211CAF9D3A007AD4E1 /* TestContactsListTests */,
				7835BF2C1CAF9D3A007AD4E1 /* TestContactsListUITests */,
			);
		};
/* End PBXProject section */

/* Begin PBXResourcesBuildPhase section */
		7835BF071CAF9D3A007AD4E1 /* Resources */ = {
			isa = PBXResourcesBuildPhase;
			buildActionMask = 2147483647;
			files = (
				7835BF1C1CAF9D3A007AD4E1 /* LaunchScreen.storyboard in Resources */,
				7835BF191CAF9D3A007AD4E1 /* Assets.xcassets in Resources */,
				7835BF171CAF9D3A007AD4E1 /* Main.storyboard in Resources */,
			);
			runOnlyForDeploymentPostprocessing = 0;
		};
		7835BF201CAF9D3A007AD4E1 /* Resources */ = {
			isa = PBXResourcesBuildPhase;
			buildActionMask = 2147483647;
			files = (
			);
			runOnlyForDeploymentPostprocessing = 0;
		};
		7835BF2B1CAF9D3A007AD4E1 /* Resources */ = {
			isa = PBXResourcesBuildPhase;
			buildActionMask = 2147483647;
			files = (
			);
			runOnlyForDeploymentPostprocessing = 0;
		};
/* End PBXResourcesBuildPhase section */

/* Begin PBXSourcesBuildPhase section */
		7835BF051CAF9D3A007AD4E1 /* Sources */ = {
			isa = PBXSourcesBuildPhase;
			buildActionMask = 2147483647;
			files = (
				7835BF441CAFABB3007AD4E1 /* UserTableViewCell.m in Sources */,
				78D2B8011CB2179B00FB034E /* HeaderView.m in Sources */,
				7835BF141CAF9D3A007AD4E1 /* ViewController.m in Sources */,
				7835BF111CAF9D3A007AD4E1 /* AppDelegate.m in Sources */,
				7835BF0E1CAF9D3A007AD4E1 /* main.m in Sources */,
			);
			runOnlyForDeploymentPostprocessing = 0;
		};
		7835BF1E1CAF9D3A007AD4E1 /* Sources */ = {
			isa = PBXSourcesBuildPhase;
			buildActionMask = 2147483647;
			files = (
				7835BF271CAF9D3A007AD4E1 /* TestContactsListTests.m in Sources */,
			);
			runOnlyForDeploymentPostprocessing = 0;
		};
		7835BF291CAF9D3A007AD4E1 /* Sources */ = {
			isa = PBXSourcesBuildPhase;
			buildActionMask = 2147483647;
			files = (
				7835BF321CAF9D3A007AD4E1 /* TestContactsListUITests.m in Sources */,
			);
			runOnlyForDeploymentPostprocessing = 0;
		};
/* End PBXSourcesBuildPhase section */

/* Begin PBXTargetDependency section */
		7835BF241CAF9D3A007AD4E1 /* PBXTargetDependency */ = {
			isa = PBXTargetDependency;
			target = 7835BF081CAF9D3A007AD4E1 /* TestContactsList */;
			targetProxy = 7835BF231CAF9D3A007AD4E1 /* PBXContainerItemProxy */;
		};
		7835BF2F1CAF9D3A007AD4E1 /* PBXTargetDependency */ = {
			isa = PBXTargetDependency;
			target = 7835BF081CAF9D3A007AD4E1 /* TestContactsList */;
			targetProxy = 7835BF2E1CAF9D3A007AD4E1 /* PBXContainerItemProxy */;
		};
/* End PBXTargetDependency section */

/* Begin PBXVariantGroup section */
		7835BF151CAF9D3A007AD4E1 /* Main.storyboard */ = {
			isa = PBXVariantGroup;
			children = (
				7835BF161CAF9D3A007AD4E1 /* Base */,
			);
			name = Main.storyboard;
			sourceTree = "<group>";
		};
		7835BF1A1CAF9D3A007AD4E1 /* LaunchScreen.storyboard */ = {
			isa = PBXVariantGroup;
			children = (
				7835BF1B1CAF9D3A007AD4E1 /* Base */,
			);
			name = LaunchScreen.storyboard;
			sourceTree = "<group>";
		};
/* End PBXVariantGroup section */

/* Begin XCBuildConfiguration section */
		7835BF341CAF9D3A007AD4E1 /* Debug */ = {
			isa = XCBuildConfiguration;
			buildSettings = {
				ALWAYS_SEARCH_USER_PATHS = NO;
				CLANG_CXX_LANGUAGE_STANDARD = "gnu++0x";
				CLANG_CXX_LIBRARY = "libc++";
				CLANG_ENABLE_MODULES = YES;
				CLANG_ENABLE_OBJC_ARC = YES;
				CLANG_WARN_BOOL_CONVERSION = YES;
				CLANG_WARN_CONSTANT_CONVERSION = YES;
				CLANG_WARN_DIRECT_OBJC_ISA_USAGE = YES_ERROR;
				CLANG_WARN_EMPTY_BODY = YES;
				CLANG_WARN_ENUM_CONVERSION = YES;
				CLANG_WARN_INT_CONVERSION = YES;
				CLANG_WARN_OBJC_ROOT_CLASS = YES_ERROR;
				CLANG_WARN_UNREACHABLE_CODE = YES;
				CLANG_WARN__DUPLICATE_METHOD_MATCH = YES;
				"CODE_SIGN_IDENTITY[sdk=iphoneos*]" = "iPhone Developer";
				COPY_PHASE_STRIP = NO;
				DEBUG_INFORMATION_FORMAT = dwarf;
				ENABLE_STRICT_OBJC_MSGSEND = YES;
				ENABLE_TESTABILITY = YES;
				GCC_C_LANGUAGE_STANDARD = gnu99;
				GCC_DYNAMIC_NO_PIC = NO;
				GCC_NO_COMMON_BLOCKS = YES;
				GCC_OPTIMIZATION_LEVEL = 0;
				GCC_PREPROCESSOR_DEFINITIONS = (
					"DEBUG=1",
					"$(inherited)",
				);
				GCC_WARN_64_TO_32_BIT_CONVERSION = YES;
				GCC_WARN_ABOUT_RETURN_TYPE = YES_ERROR;
				GCC_WARN_UNDECLARED_SELECTOR = YES;
				GCC_WARN_UNINITIALIZED_AUTOS = YES_AGGRESSIVE;
				GCC_WARN_UNUSED_FUNCTION = YES;
				GCC_WARN_UNUSED_VARIABLE = YES;
				IPHONEOS_DEPLOYMENT_TARGET = 9.2;
				MTL_ENABLE_DEBUG_INFO = YES;
				ONLY_ACTIVE_ARCH = YES;
				SDKROOT = iphoneos;
			};
			name = Debug;
		};
		7835BF351CAF9D3A007AD4E1 /* Release */ = {
			isa = XCBuildConfiguration;
			buildSettings = {
				ALWAYS_SEARCH_USER_PATHS = NO;
				CLANG_CXX_LANGUAGE_STANDARD = "gnu++0x";
				CLANG_CXX_LIBRARY = "libc++";
				CLANG_ENABLE_MODULES = YES;
				CLANG_ENABLE_OBJC_ARC = YES;
				CLANG_WARN_BOOL_CONVERSION = YES;
				CLANG_WARN_CONSTANT_CONVERSION = YES;
				CLANG_WARN_DIRECT_OBJC_ISA_USAGE = YES_ERROR;
				CLANG_WARN_EMPTY_BODY = YES;
				CLANG_WARN_ENUM_CONVERSION = YES;
				CLANG_WARN_INT_CONVERSION = YES;
				CLANG_WARN_OBJC_ROOT_CLASS = YES_ERROR;
				CLANG_WARN_UNREACHABLE_CODE = YES;
				CLANG_WARN__DUPLICATE_METHOD_MATCH = YES;
				"CODE_SIGN_IDENTITY[sdk=iphoneos*]" = "iPhone Developer";
				COPY_PHASE_STRIP = NO;
				DEBUG_INFORMATION_FORMAT = "dwarf-with-dsym";
				ENABLE_NS_ASSERTIONS = NO;
				ENABLE_STRICT_OBJC_MSGSEND = YES;
				GCC_C_LANGUAGE_STANDARD = gnu99;
				GCC_NO_COMMON_BLOCKS = YES;
				GCC_WARN_64_TO_32_BIT_CONVERSION = YES;
				GCC_WARN_ABOUT_RETURN_TYPE = YES_ERROR;
				GCC_WARN_UNDECLARED_SELECTOR = YES;
				GCC_WARN_UNINITIALIZED_AUTOS = YES_AGGRESSIVE;
				GCC_WARN_UNUSED_FUNCTION = YES;
				GCC_WARN_UNUSED_VARIABLE = YES;
				IPHONEOS_DEPLOYMENT_TARGET = 9.2;
				MTL_ENABLE_DEBUG_INFO = NO;
				SDKROOT = iphoneos;
				VALIDATE_PRODUCT = YES;
			};
			name = Release;
		};
		7835BF371CAF9D3A007AD4E1 /* Debug */ = {
			isa = XCBuildConfiguration;
			buildSettings = {
				ASSETCATALOG_COMPILER_APPICON_NAME = AppIcon;
				CODE_SIGN_IDENTITY = "iPhone Developer";
				INFOPLIST_FILE = TestContactsList/Info.plist;
				LD_RUNPATH_SEARCH_PATHS = "$(inherited) @executable_path/Frameworks";
				PRODUCT_BUNDLE_IDENTIFIER = com.zjixin.TestContactsList;
				PRODUCT_NAME = "$(TARGET_NAME)";
			};
			name = Debug;
		};
		7835BF381CAF9D3A007AD4E1 /* Release */ = {
			isa = XCBuildConfiguration;
			buildSettings = {
				ASSETCATALOG_COMPILER_APPICON_NAME = AppIcon;
				CODE_SIGN_IDENTITY = "iPhone Developer";
				INFOPLIST_FILE = TestContactsList/Info.plist;
				LD_RUNPATH_SEARCH_PATHS = "$(inherited) @executable_path/Frameworks";
				PRODUCT_BUNDLE_IDENTIFIER = com.zjixin.TestContactsList;
				PRODUCT_NAME = "$(TARGET_NAME)";
			};
			name = Release;
		};
		7835BF3A1CAF9D3A007AD4E1 /* Debug */ = {
			isa = XCBuildConfiguration;
			buildSettings = {
				BUNDLE_LOADER = "$(TEST_HOST)";
				INFOPLIST_FILE = TestContactsListTests/Info.plist;
				LD_RUNPATH_SEARCH_PATHS = "$(inherited) @executable_path/Frameworks @loader_path/Frameworks";
				PRODUCT_BUNDLE_IDENTIFIER = com.zjixin.TestContactsListTests;
				PRODUCT_NAME = "$(TARGET_NAME)";
				TEST_HOST = "$(BUILT_PRODUCTS_DIR)/TestContactsList.app/TestContactsList";
			};
			name = Debug;
		};
		7835BF3B1CAF9D3A007AD4E1 /* Release */ = {
			isa = XCBuildConfiguration;
			buildSettings = {
				BUNDLE_LOADER = "$(TEST_HOST)";
				INFOPLIST_FILE = TestContactsListTests/Info.plist;
				LD_RUNPATH_SEARCH_PATHS = "$(inherited) @executable_path/Frameworks @loader_path/Frameworks";
				PRODUCT_BUNDLE_IDENTIFIER = com.zjixin.TestContactsListTests;
				PRODUCT_NAME = "$(TARGET_NAME)";
				TEST_HOST = "$(BUILT_PRODUCTS_DIR)/TestContactsList.app/TestContactsList";
			};
			name = Release;
		};
		7835BF3D1CAF9D3A007AD4E1 /* Debug */ = {
			isa = XCBuildConfiguration;
			buildSettings = {
				INFOPLIST_FILE = TestContactsListUITests/Info.plist;
				LD_RUNPATH_SEARCH_PATHS = "$(inherited) @executable_path/Frameworks @loader_path/Frameworks";
				PRODUCT_BUNDLE_IDENTIFIER = com.zjixin.TestContactsListUITests;
				PRODUCT_NAME = "$(TARGET_NAME)";
				TEST_TARGET_NAME = TestContactsList;
				USES_XCTRUNNER = YES;
			};
			name = Debug;
		};
		7835BF3E1CAF9D3A007AD4E1 /* Release */ = {
			isa = XCBuildConfiguration;
			buildSettings = {
				INFOPLIST_FILE = TestContactsListUITests/Info.plist;
				LD_RUNPATH_SEARCH_PATHS = "$(inherited) @executable_path/Frameworks @loader_path/Frameworks";
				PRODUCT_BUNDLE_IDENTIFIER = com.zjixin.TestContactsListUITests;
				PRODUCT_NAME = "$(TARGET_NAME)";
				TEST_TARGET_NAME = TestContactsList;
				USES_XCTRUNNER = YES;
			};
			name = Release;
		};
/* End XCBuildConfiguration section */

/* Begin XCConfigurationList section */
		7835BF041CAF9D3A007AD4E1 /* Build configuration list for PBXProject "TestContactsList" */ = {
			isa = XCConfigurationList;
			buildConfigurations = (
				7835BF341CAF9D3A007AD4E1 /* Debug */,
				7835BF351CAF9D3A007AD4E1 /* Release */,
			);
			defaultConfigurationIsVisible = 0;
			defaultConfigurationName = Release;
		};
		7835BF361CAF9D3A007AD4E1 /* Build configuration list for PBXNativeTarget "TestContactsList" */ = {
			isa = XCConfigurationList;
			buildConfigurations = (
				7835BF371CAF9D3A007AD4E1 /* Debug */,
				7835BF381CAF9D3A007AD4E1 /* Release */,
			);
			defaultConfigurationIsVisible = 0;
			defaultConfigurationName = Release;
		};
		7835BF391CAF9D3A007AD4E1 /* Build configuration list for PBXNativeTarget "TestContactsListTests" */ = {
			isa = XCConfigurationList;
			buildConfigurations = (
				7835BF3A1CAF9D3A007AD4E1 /* Debug */,
				7835BF3B1CAF9D3A007AD4E1 /* Release */,
			);
			defaultConfigurationIsVisible = 0;
			defaultConfigurationName = Release;
		};
		7835BF3C1CAF9D3A007AD4E1 /* Build configuration list for PBXNativeTarget "TestContactsListUITests" */ = {
			isa = XCConfigurationList;
			buildConfigurations = (
				7835BF3D1CAF9D3A007AD4E1 /* Debug */,
				7835BF3E1CAF9D3A007AD4E1 /* Release */,
			);
			defaultConfigurationIsVisible = 0;
			defaultConfigurationName = Release;
		};
/* End XCConfigurationList section */
	};
	rootObject = 7835BF011CAF9D3A007AD4E1 /* Project object */;
}
